schema: '2.0'
stages:
  build_dataset:
    cmd: python -m ml.data.build_dataset
    deps:
    - path: datasets/raw/diabetic_data.csv
      hash: md5
      md5: 8a01d91d7d156423e7c84a8022e980af
      size: 18241862
    - path: ml/data/build_dataset.py
      hash: md5
      md5: 1eb1140966c7ae0caeb5848cba6a61da
      size: 1087
    - path: ml/data/clean.py
      hash: md5
      md5: 957ce385ad25a380f8345ac72a67ee63
      size: 2855
    - path: ml/data/schema.py
      hash: md5
      md5: b05e28b19fdd62f4fa0a034e61a2d9c3
      size: 2762
    - path: ml/data/split.py
      hash: md5
      md5: 75d2878a9feb0d5ad58e3ff192f6da94
      size: 1343
    outs:
    - path: datasets/processed/eval_frozen.csv
      hash: md5
      md5: cc236eb77449ad46244f45527eccc8c5
      size: 1887422
    - path: datasets/processed/future_stream.csv
      hash: md5
      md5: 4bd5baabd7fcf56f56648741abd76959
      size: 1885907
    - path: datasets/processed/train.csv
      hash: md5
      md5: ebbfae6002203ba5e60ce9647b5e9a92
      size: 9031647
