schema: '2.0'
stages:
  build_dataset:
    cmd: python -m ml.data.build_dataset
    deps:
    - path: datasets/raw/diabetic_data.csv
      hash: md5
      md5: 8a01d91d7d156423e7c84a8022e980af
      size: 18241862
    - path: ml/data/build_dataset.py
      hash: md5
      md5: 1eb1140966c7ae0caeb5848cba6a61da
      size: 1087
    - path: ml/data/clean.py
      hash: md5
      md5: d7109e56e3e591bf7e73ca999b9b2a68
      size: 1674
    - path: ml/data/schema.py
      hash: md5
      md5: 7273dc98b906f78112a56d2f26975d57
      size: 2698
    - path: ml/data/split.py
      hash: md5
      md5: 75d2878a9feb0d5ad58e3ff192f6da94
      size: 1343
    outs:
    - path: datasets/processed/eval_frozen.csv
      hash: md5
      md5: 754c533e946990b827b58be27371e1b3
      size: 1923140
    - path: datasets/processed/future_stream.csv
      hash: md5
      md5: 2299494a70796ead559832be01c0b25d
      size: 1920260
    - path: datasets/processed/train.csv
      hash: md5
      md5: 084568909310de321781680571ec065c
      size: 9200090
